// !$*UTF8*$!
{
	archiveVersion = 1;
	classes = {
	};
	objectVersion = 56;
	objects = {

/* Begin PBXBuildFile section */
		7B1736532B763E520030DE63 /* GoogleSignIn in Frameworks */ = {isa = PBXBuildFile; productRef = 7B1736522B763E520030DE63 /* GoogleSignIn */; };
		7B1736552B763E520030DE63 /* GoogleSignInSwift in Frameworks */ = {isa = PBXBuildFile; productRef = 7B1736542B763E520030DE63 /* GoogleSignInSwift */; };
		7B17366A2B7646700030DE63 /* FirebaseAnalytics in Frameworks */ = {isa = PBXBuildFile; productRef = 7B1736692B7646700030DE63 /* FirebaseAnalytics */; };
		7B17366C2B7646700030DE63 /* FirebaseAnalyticsOnDeviceConversion in Frameworks */ = {isa = PBXBuildFile; productRef = 7B17366B2B7646700030DE63 /* FirebaseAnalyticsOnDeviceConversion */; };
		7B17366E2B7646700030DE63 /* FirebaseAnalyticsSwift in Frameworks */ = {isa = PBXBuildFile; productRef = 7B17366D2B7646700030DE63 /* FirebaseAnalyticsSwift */; };
		7B1736702B7646700030DE63 /* FirebaseAnalyticsWithoutAdIdSupport in Frameworks */ = {isa = PBXBuildFile; productRef = 7B17366F2B7646700030DE63 /* FirebaseAnalyticsWithoutAdIdSupport */; };
		7B1736722B7646700030DE63 /* FirebaseAppCheck in Frameworks */ = {isa = PBXBuildFile; productRef = 7B1736712B7646700030DE63 /* FirebaseAppCheck */; };
		7B1736752B7646FF0030DE63 /* FacebookAEM in Frameworks */ = {isa = PBXBuildFile; productRef = 7B1736742B7646FF0030DE63 /* FacebookAEM */; };
		7B1736772B7646FF0030DE63 /* FacebookBasics in Frameworks */ = {isa = PBXBuildFile; productRef = 7B1736762B7646FF0030DE63 /* FacebookBasics */; };
		7B1736792B7646FF0030DE63 /* FacebookCore in Frameworks */ = {isa = PBXBuildFile; productRef = 7B1736782B7646FF0030DE63 /* FacebookCore */; };
		7B17367D2B7646FF0030DE63 /* FacebookLogin in Frameworks */ = {isa = PBXBuildFile; productRef = 7B17367C2B7646FF0030DE63 /* FacebookLogin */; };
		7B1833052B867E5B00A1B89C /* AboutLensifyController.swift in Sources */ = {isa = PBXBuildFile; fileRef = 7B1833042B867E5B00A1B89C /* AboutLensifyController.swift */; };
		7B425A1F2B8BC8DF00E5AC05 /* ConfigureButtonExtension.swift in Sources */ = {isa = PBXBuildFile; fileRef = 7B425A1E2B8BC8DF00E5AC05 /* ConfigureButtonExtension.swift */; };
		7B42A0492B56EEF2003C5D34 /* SearchController.swift in Sources */ = {isa = PBXBuildFile; fileRef = 7B42A0482B56EEF2003C5D34 /* SearchController.swift */; };
		7B42A04D2B56EF53003C5D34 /* SearchCell.swift in Sources */ = {isa = PBXBuildFile; fileRef = 7B42A04B2B56EF53003C5D34 /* SearchCell.swift */; };
		7B42A04E2B56EF53003C5D34 /* SearchCell.xib in Resources */ = {isa = PBXBuildFile; fileRef = 7B42A04C2B56EF53003C5D34 /* SearchCell.xib */; };
		7B42A0502B56EF85003C5D34 /* SearchViewModel.swift in Sources */ = {isa = PBXBuildFile; fileRef = 7B42A04F2B56EF85003C5D34 /* SearchViewModel.swift */; };
		7B42A0522B56F1F2003C5D34 /* Search.swift in Sources */ = {isa = PBXBuildFile; fileRef = 7B42A0512B56F1F2003C5D34 /* Search.swift */; };
		7B4DE9B32B57E86A00F4C3AA /* HomeManager.swift in Sources */ = {isa = PBXBuildFile; fileRef = 7B4DE9B22B57E86A00F4C3AA /* HomeManager.swift */; };
		7B4DE9B62B57F44B00F4C3AA /* HomeEndpoint.swift in Sources */ = {isa = PBXBuildFile; fileRef = 7B4DE9B52B57F44B00F4C3AA /* HomeEndpoint.swift */; };
		7B53E7A12B53E6B3005D0CED /* HomeController.swift in Sources */ = {isa = PBXBuildFile; fileRef = 7B53E7A02B53E6B3005D0CED /* HomeController.swift */; };
		7B53E7A32B53E6C6005D0CED /* HomeViewModel.swift in Sources */ = {isa = PBXBuildFile; fileRef = 7B53E7A22B53E6C6005D0CED /* HomeViewModel.swift */; };
		7B53E7CA2B53F1F5005D0CED /* TabBarController.swift in Sources */ = {isa = PBXBuildFile; fileRef = 7B53E7C92B53F1F5005D0CED /* TabBarController.swift */; };
		7B5A90802B70E1860025E18B /* client_213676420665-klno39bjlv7ovpc11549egkoeei52usj.apps.googleusercontent.com.plist in Resources */ = {isa = PBXBuildFile; fileRef = 7B5A907F2B70E1860025E18B /* client_213676420665-klno39bjlv7ovpc11549egkoeei52usj.apps.googleusercontent.com.plist */; };
		7B7967742B6D2C510032BB63 /* LoginViewModel.swift in Sources */ = {isa = PBXBuildFile; fileRef = 7B7967732B6D2C510032BB63 /* LoginViewModel.swift */; };
		7B7967762B6D2C9E0032BB63 /* LoginManager.swift in Sources */ = {isa = PBXBuildFile; fileRef = 7B7967752B6D2C9E0032BB63 /* LoginManager.swift */; };
		7B7967832B6D35A90032BB63 /* GoogleService-Info.plist in Resources */ = {isa = PBXBuildFile; fileRef = 7B7967822B6D35A90032BB63 /* GoogleService-Info.plist */; };
		7B86F7712B764E68005755B0 /* FirebaseAuth in Frameworks */ = {isa = PBXBuildFile; productRef = 7B86F7702B764E68005755B0 /* FirebaseAuth */; };
		7B86F7732B764E80005755B0 /* FirebaseFirestore in Frameworks */ = {isa = PBXBuildFile; productRef = 7B86F7722B764E80005755B0 /* FirebaseFirestore */; };
		7B90E2762B52C1FB0099FBA3 /* AppDelegate.swift in Sources */ = {isa = PBXBuildFile; fileRef = 7B90E2752B52C1FB0099FBA3 /* AppDelegate.swift */; };
		7B90E2782B52C1FB0099FBA3 /* SceneDelegate.swift in Sources */ = {isa = PBXBuildFile; fileRef = 7B90E2772B52C1FB0099FBA3 /* SceneDelegate.swift */; };
		7B90E27D2B52C1FB0099FBA3 /* Main.storyboard in Resources */ = {isa = PBXBuildFile; fileRef = 7B90E27B2B52C1FB0099FBA3 /* Main.storyboard */; };
		7B90E2802B52C1FB0099FBA3 /* Lensify.xcdatamodeld in Sources */ = {isa = PBXBuildFile; fileRef = 7B90E27E2B52C1FB0099FBA3 /* Lensify.xcdatamodeld */; };
		7B90E2822B52C1FE0099FBA3 /* Assets.xcassets in Resources */ = {isa = PBXBuildFile; fileRef = 7B90E2812B52C1FE0099FBA3 /* Assets.xcassets */; };
		7B90E2852B52C1FE0099FBA3 /* LaunchScreen.storyboard in Resources */ = {isa = PBXBuildFile; fileRef = 7B90E2832B52C1FE0099FBA3 /* LaunchScreen.storyboard */; };
		7B90E28E2B52C4840099FBA3 /* KeychainSwift in Frameworks */ = {isa = PBXBuildFile; productRef = 7B90E28D2B52C4840099FBA3 /* KeychainSwift */; };
		7B90E2912B52C4960099FBA3 /* Kingfisher in Frameworks */ = {isa = PBXBuildFile; productRef = 7B90E2902B52C4960099FBA3 /* Kingfisher */; };
		7B90E2942B52C4A00099FBA3 /* Alamofire in Frameworks */ = {isa = PBXBuildFile; productRef = 7B90E2932B52C4A00099FBA3 /* Alamofire */; };
		7B90E29C2B52C4BF0099FBA3 /* Lottie in Frameworks */ = {isa = PBXBuildFile; productRef = 7B90E29B2B52C4BF0099FBA3 /* Lottie */; };
		7B90E29F2B52C4FD0099FBA3 /* NetworkManager.swift in Sources */ = {isa = PBXBuildFile; fileRef = 7B90E29E2B52C4FD0099FBA3 /* NetworkManager.swift */; };
		7B90E2A12B52C5260099FBA3 /* NetworkHelper.swift in Sources */ = {isa = PBXBuildFile; fileRef = 7B90E2A02B52C5260099FBA3 /* NetworkHelper.swift */; };
		7B90E2A32B52EC840099FBA3 /* WelcomeToLensifyController.swift in Sources */ = {isa = PBXBuildFile; fileRef = 7B90E2A22B52EC840099FBA3 /* WelcomeToLensifyController.swift */; };
		7B90E2A92B52FB110099FBA3 /* GetTopics.swift in Sources */ = {isa = PBXBuildFile; fileRef = 7B90E2A82B52FB110099FBA3 /* GetTopics.swift */; };
		7B90E2AC2B52FB550099FBA3 /* Extension.swift in Sources */ = {isa = PBXBuildFile; fileRef = 7B90E2AB2B52FB550099FBA3 /* Extension.swift */; };
		7B90E2B22B5329550099FBA3 /* LaunchController.swift in Sources */ = {isa = PBXBuildFile; fileRef = 7B90E2B12B5329550099FBA3 /* LaunchController.swift */; };
		7B90E2B82B5332160099FBA3 /* lottieView.json in Resources */ = {isa = PBXBuildFile; fileRef = 7B90E2B72B5332160099FBA3 /* lottieView.json */; };
		7B9258372B8537B100D3C212 /* ProfileController.swift in Sources */ = {isa = PBXBuildFile; fileRef = 7B9258362B8537B100D3C212 /* ProfileController.swift */; };
		7B9258392B853BAF00D3C212 /* TermsAndConditionsController.swift in Sources */ = {isa = PBXBuildFile; fileRef = 7B9258382B853BAF00D3C212 /* TermsAndConditionsController.swift */; };
		7B9565322B64C64700044E58 /* TopicCell.swift in Sources */ = {isa = PBXBuildFile; fileRef = 7B9565302B64C64700044E58 /* TopicCell.swift */; };
		7B9565332B64C64700044E58 /* TopicCell.xib in Resources */ = {isa = PBXBuildFile; fileRef = 7B9565312B64C64700044E58 /* TopicCell.xib */; };
		7B95653E2B65025800044E58 /* TopicHeaderView.swift in Sources */ = {isa = PBXBuildFile; fileRef = 7B95653D2B65025800044E58 /* TopicHeaderView.swift */; };
		7B9565402B65025E00044E58 /* TopicHeaderView.xib in Resources */ = {isa = PBXBuildFile; fileRef = 7B95653F2B65025E00044E58 /* TopicHeaderView.xib */; };
		7B9565422B650C1800044E58 /* Topic.swift in Sources */ = {isa = PBXBuildFile; fileRef = 7B9565412B650C1800044E58 /* Topic.swift */; };
		7B97B9D02B5451D300D489CB /* HomeCell.swift in Sources */ = {isa = PBXBuildFile; fileRef = 7B97B9CE2B5451D300D489CB /* HomeCell.swift */; };
		7B97B9D12B5451D300D489CB /* HomeCell.xib in Resources */ = {isa = PBXBuildFile; fileRef = 7B97B9CF2B5451D300D489CB /* HomeCell.xib */; };
		7B9F3C8A2B8898F6002AA027 /* Localizable.strings in Resources */ = {isa = PBXBuildFile; fileRef = 7B9F3C8C2B8898F6002AA027 /* Localizable.strings */; };
		7B9F3C922B889F3B002AA027 /* StringExtension.swift in Sources */ = {isa = PBXBuildFile; fileRef = 7B9F3C912B889F3B002AA027 /* StringExtension.swift */; };
		7B9F3C942B88A32D002AA027 /* LanguageController.swift in Sources */ = {isa = PBXBuildFile; fileRef = 7B9F3C932B88A32D002AA027 /* LanguageController.swift */; };
		7BABCF752B77E2D3008FCDDE /* SkeletonView in Frameworks */ = {isa = PBXBuildFile; productRef = 7BABCF742B77E2D3008FCDDE /* SkeletonView */; };
		7BC6AEF82B6A0FD900694CD0 /* RegisterController.swift in Sources */ = {isa = PBXBuildFile; fileRef = 7BC6AEF72B6A0FD900694CD0 /* RegisterController.swift */; };
		7BC6AEFA2B6A183400694CD0 /* User.swift in Sources */ = {isa = PBXBuildFile; fileRef = 7BC6AEF92B6A183400694CD0 /* User.swift */; };
		7BC6AEFD2B6A50CE00694CD0 /* LoginAdapter.swift in Sources */ = {isa = PBXBuildFile; fileRef = 7BC6AEFC2B6A50CE00694CD0 /* LoginAdapter.swift */; };
		7BC6AEFF2B6A72A700694CD0 /* DatabaseAdapter.swift in Sources */ = {isa = PBXBuildFile; fileRef = 7BC6AEFE2B6A72A700694CD0 /* DatabaseAdapter.swift */; };
		7BC6AF012B6A981E00694CD0 /* SearchManager.swift in Sources */ = {isa = PBXBuildFile; fileRef = 7BC6AF002B6A981E00694CD0 /* SearchManager.swift */; };
		7BC6AF032B6A999E00694CD0 /* SearchUseCase.swift in Sources */ = {isa = PBXBuildFile; fileRef = 7BC6AF022B6A999E00694CD0 /* SearchUseCase.swift */; };
		7BC6AF1E2B6AAB1600694CD0 /* SearchEndpoint.swift in Sources */ = {isa = PBXBuildFile; fileRef = 7BC6AF1D2B6AAB1600694CD0 /* SearchEndpoint.swift */; };
		7BCD82912B89EC6C00FE1877 /* AlertExtension.swift in Sources */ = {isa = PBXBuildFile; fileRef = 7BCD82902B89EC6C00FE1877 /* AlertExtension.swift */; };
		7BD4FB282B698DB600B5EA3E /* LoginController.swift in Sources */ = {isa = PBXBuildFile; fileRef = 7BD4FB272B698DB600B5EA3E /* LoginController.swift */; };
		7BD600812B6ED4EB00B28661 /* downloadLottie.json in Resources */ = {isa = PBXBuildFile; fileRef = 7BD600802B6ED4EB00B28661 /* downloadLottie.json */; };
		7BD600842B6ED58700B28661 /* ReadyForDownloadController.swift in Sources */ = {isa = PBXBuildFile; fileRef = 7BD600832B6ED58700B28661 /* ReadyForDownloadController.swift */; };
		7BDB91CA2B5B924B00002EAC /* HomeUseCase.swift in Sources */ = {isa = PBXBuildFile; fileRef = 7BDB91C92B5B924B00002EAC /* HomeUseCase.swift */; };
		7BFEFFDE2B72A4A300A1CCC7 /* ListPhotoEndpoint.swift in Sources */ = {isa = PBXBuildFile; fileRef = 7BFEFFDD2B72A4A300A1CCC7 /* ListPhotoEndpoint.swift */; };
/* End PBXBuildFile section */

/* Begin PBXFileReference section */
		7B1833042B867E5B00A1B89C /* AboutLensifyController.swift */ = {isa = PBXFileReference; lastKnownFileType = sourcecode.swift; path = AboutLensifyController.swift; sourceTree = "<group>"; };
		7B425A1E2B8BC8DF00E5AC05 /* ConfigureButtonExtension.swift */ = {isa = PBXFileReference; lastKnownFileType = sourcecode.swift; path = ConfigureButtonExtension.swift; sourceTree = "<group>"; };
		7B42A0482B56EEF2003C5D34 /* SearchController.swift */ = {isa = PBXFileReference; lastKnownFileType = sourcecode.swift; path = SearchController.swift; sourceTree = "<group>"; };
		7B42A04B2B56EF53003C5D34 /* SearchCell.swift */ = {isa = PBXFileReference; lastKnownFileType = sourcecode.swift; path = SearchCell.swift; sourceTree = "<group>"; };
		7B42A04C2B56EF53003C5D34 /* SearchCell.xib */ = {isa = PBXFileReference; lastKnownFileType = file.xib; path = SearchCell.xib; sourceTree = "<group>"; };
		7B42A04F2B56EF85003C5D34 /* SearchViewModel.swift */ = {isa = PBXFileReference; lastKnownFileType = sourcecode.swift; path = SearchViewModel.swift; sourceTree = "<group>"; };
		7B42A0512B56F1F2003C5D34 /* Search.swift */ = {isa = PBXFileReference; lastKnownFileType = sourcecode.swift; path = Search.swift; sourceTree = "<group>"; };
		7B4DE9B22B57E86A00F4C3AA /* HomeManager.swift */ = {isa = PBXFileReference; lastKnownFileType = sourcecode.swift; path = HomeManager.swift; sourceTree = "<group>"; };
		7B4DE9B52B57F44B00F4C3AA /* HomeEndpoint.swift */ = {isa = PBXFileReference; lastKnownFileType = sourcecode.swift; path = HomeEndpoint.swift; sourceTree = "<group>"; };
		7B53E7A02B53E6B3005D0CED /* HomeController.swift */ = {isa = PBXFileReference; lastKnownFileType = sourcecode.swift; path = HomeController.swift; sourceTree = "<group>"; };
		7B53E7A22B53E6C6005D0CED /* HomeViewModel.swift */ = {isa = PBXFileReference; lastKnownFileType = sourcecode.swift; path = HomeViewModel.swift; sourceTree = "<group>"; };
		7B53E7C92B53F1F5005D0CED /* TabBarController.swift */ = {isa = PBXFileReference; lastKnownFileType = sourcecode.swift; path = TabBarController.swift; sourceTree = "<group>"; };
		7B5A907F2B70E1860025E18B /* client_213676420665-klno39bjlv7ovpc11549egkoeei52usj.apps.googleusercontent.com.plist */ = {isa = PBXFileReference; fileEncoding = 4; lastKnownFileType = text.plist.xml; path = "client_213676420665-klno39bjlv7ovpc11549egkoeei52usj.apps.googleusercontent.com.plist"; sourceTree = "<group>"; };
		7B7967732B6D2C510032BB63 /* LoginViewModel.swift */ = {isa = PBXFileReference; lastKnownFileType = sourcecode.swift; path = LoginViewModel.swift; sourceTree = "<group>"; };
		7B7967752B6D2C9E0032BB63 /* LoginManager.swift */ = {isa = PBXFileReference; lastKnownFileType = sourcecode.swift; path = LoginManager.swift; sourceTree = "<group>"; };
		7B7967822B6D35A90032BB63 /* GoogleService-Info.plist */ = {isa = PBXFileReference; fileEncoding = 4; lastKnownFileType = text.plist.xml; path = "GoogleService-Info.plist"; sourceTree = "<group>"; };
		7B90E2722B52C1FB0099FBA3 /* Lensify.app */ = {isa = PBXFileReference; explicitFileType = wrapper.application; includeInIndex = 0; path = Lensify.app; sourceTree = BUILT_PRODUCTS_DIR; };
		7B90E2752B52C1FB0099FBA3 /* AppDelegate.swift */ = {isa = PBXFileReference; lastKnownFileType = sourcecode.swift; path = AppDelegate.swift; sourceTree = "<group>"; };
		7B90E2772B52C1FB0099FBA3 /* SceneDelegate.swift */ = {isa = PBXFileReference; lastKnownFileType = sourcecode.swift; path = SceneDelegate.swift; sourceTree = "<group>"; };
		7B90E27C2B52C1FB0099FBA3 /* Base */ = {isa = PBXFileReference; lastKnownFileType = file.storyboard; name = Base; path = Base.lproj/Main.storyboard; sourceTree = "<group>"; };
		7B90E27F2B52C1FB0099FBA3 /* Lensify.xcdatamodel */ = {isa = PBXFileReference; lastKnownFileType = wrapper.xcdatamodel; path = Lensify.xcdatamodel; sourceTree = "<group>"; };
		7B90E2812B52C1FE0099FBA3 /* Assets.xcassets */ = {isa = PBXFileReference; lastKnownFileType = folder.assetcatalog; path = Assets.xcassets; sourceTree = "<group>"; };
		7B90E2842B52C1FE0099FBA3 /* Base */ = {isa = PBXFileReference; lastKnownFileType = file.storyboard; name = Base; path = Base.lproj/LaunchScreen.storyboard; sourceTree = "<group>"; };
		7B90E2862B52C1FE0099FBA3 /* Info.plist */ = {isa = PBXFileReference; lastKnownFileType = text.plist.xml; path = Info.plist; sourceTree = "<group>"; };
		7B90E29E2B52C4FD0099FBA3 /* NetworkManager.swift */ = {isa = PBXFileReference; lastKnownFileType = sourcecode.swift; path = NetworkManager.swift; sourceTree = "<group>"; };
		7B90E2A02B52C5260099FBA3 /* NetworkHelper.swift */ = {isa = PBXFileReference; lastKnownFileType = sourcecode.swift; path = NetworkHelper.swift; sourceTree = "<group>"; };
		7B90E2A22B52EC840099FBA3 /* WelcomeToLensifyController.swift */ = {isa = PBXFileReference; lastKnownFileType = sourcecode.swift; path = WelcomeToLensifyController.swift; sourceTree = "<group>"; };
		7B90E2A82B52FB110099FBA3 /* GetTopics.swift */ = {isa = PBXFileReference; lastKnownFileType = sourcecode.swift; path = GetTopics.swift; sourceTree = "<group>"; };
		7B90E2AB2B52FB550099FBA3 /* Extension.swift */ = {isa = PBXFileReference; lastKnownFileType = sourcecode.swift; path = Extension.swift; sourceTree = "<group>"; };
		7B90E2B12B5329550099FBA3 /* LaunchController.swift */ = {isa = PBXFileReference; lastKnownFileType = sourcecode.swift; path = LaunchController.swift; sourceTree = "<group>"; };
		7B90E2B72B5332160099FBA3 /* lottieView.json */ = {isa = PBXFileReference; fileEncoding = 4; lastKnownFileType = text.json; path = lottieView.json; sourceTree = "<group>"; };
		7B9258362B8537B100D3C212 /* ProfileController.swift */ = {isa = PBXFileReference; lastKnownFileType = sourcecode.swift; path = ProfileController.swift; sourceTree = "<group>"; };
		7B9258382B853BAF00D3C212 /* TermsAndConditionsController.swift */ = {isa = PBXFileReference; lastKnownFileType = sourcecode.swift; path = TermsAndConditionsController.swift; sourceTree = "<group>"; };
		7B9565302B64C64700044E58 /* TopicCell.swift */ = {isa = PBXFileReference; lastKnownFileType = sourcecode.swift; path = TopicCell.swift; sourceTree = "<group>"; };
		7B9565312B64C64700044E58 /* TopicCell.xib */ = {isa = PBXFileReference; lastKnownFileType = file.xib; path = TopicCell.xib; sourceTree = "<group>"; };
		7B95653D2B65025800044E58 /* TopicHeaderView.swift */ = {isa = PBXFileReference; lastKnownFileType = sourcecode.swift; path = TopicHeaderView.swift; sourceTree = "<group>"; };
		7B95653F2B65025E00044E58 /* TopicHeaderView.xib */ = {isa = PBXFileReference; lastKnownFileType = file.xib; path = TopicHeaderView.xib; sourceTree = "<group>"; };
		7B9565412B650C1800044E58 /* Topic.swift */ = {isa = PBXFileReference; lastKnownFileType = sourcecode.swift; path = Topic.swift; sourceTree = "<group>"; };
		7B97B9CE2B5451D300D489CB /* HomeCell.swift */ = {isa = PBXFileReference; lastKnownFileType = sourcecode.swift; path = HomeCell.swift; sourceTree = "<group>"; };
		7B97B9CF2B5451D300D489CB /* HomeCell.xib */ = {isa = PBXFileReference; lastKnownFileType = file.xib; path = HomeCell.xib; sourceTree = "<group>"; };
		7B9F3C862B889846002AA027 /* az */ = {isa = PBXFileReference; lastKnownFileType = text.plist.strings; name = az; path = az.lproj/LaunchScreen.strings; sourceTree = "<group>"; };
		7B9F3C872B889846002AA027 /* az */ = {isa = PBXFileReference; lastKnownFileType = text.plist.strings; name = az; path = az.lproj/Main.strings; sourceTree = "<group>"; };
		7B9F3C8B2B8898F6002AA027 /* en */ = {isa = PBXFileReference; lastKnownFileType = text.plist.strings; name = en; path = en.lproj/Localizable.strings; sourceTree = "<group>"; };
		7B9F3C8D2B8898FA002AA027 /* az */ = {isa = PBXFileReference; lastKnownFileType = text.plist.strings; name = az; path = az.lproj/Localizable.strings; sourceTree = "<group>"; };
		7B9F3C912B889F3B002AA027 /* StringExtension.swift */ = {isa = PBXFileReference; lastKnownFileType = sourcecode.swift; path = StringExtension.swift; sourceTree = "<group>"; };
		7B9F3C932B88A32D002AA027 /* LanguageController.swift */ = {isa = PBXFileReference; lastKnownFileType = sourcecode.swift; path = LanguageController.swift; sourceTree = "<group>"; };
		7BC24F242B88ACC100E8B654 /* es */ = {isa = PBXFileReference; lastKnownFileType = text.plist.strings; name = es; path = es.lproj/LaunchScreen.strings; sourceTree = "<group>"; };
		7BC24F252B88ACC100E8B654 /* es */ = {isa = PBXFileReference; lastKnownFileType = text.plist.strings; name = es; path = es.lproj/Main.strings; sourceTree = "<group>"; };
		7BC24F262B88ACC100E8B654 /* es */ = {isa = PBXFileReference; lastKnownFileType = text.plist.strings; name = es; path = es.lproj/Localizable.strings; sourceTree = "<group>"; };
		7BC6AEF72B6A0FD900694CD0 /* RegisterController.swift */ = {isa = PBXFileReference; lastKnownFileType = sourcecode.swift; path = RegisterController.swift; sourceTree = "<group>"; };
		7BC6AEF92B6A183400694CD0 /* User.swift */ = {isa = PBXFileReference; lastKnownFileType = sourcecode.swift; path = User.swift; sourceTree = "<group>"; };
		7BC6AEFC2B6A50CE00694CD0 /* LoginAdapter.swift */ = {isa = PBXFileReference; lastKnownFileType = sourcecode.swift; path = LoginAdapter.swift; sourceTree = "<group>"; };
		7BC6AEFE2B6A72A700694CD0 /* DatabaseAdapter.swift */ = {isa = PBXFileReference; lastKnownFileType = sourcecode.swift; path = DatabaseAdapter.swift; sourceTree = "<group>"; };
		7BC6AF002B6A981E00694CD0 /* SearchManager.swift */ = {isa = PBXFileReference; lastKnownFileType = sourcecode.swift; path = SearchManager.swift; sourceTree = "<group>"; };
		7BC6AF022B6A999E00694CD0 /* SearchUseCase.swift */ = {isa = PBXFileReference; lastKnownFileType = sourcecode.swift; path = SearchUseCase.swift; sourceTree = "<group>"; };
		7BC6AF1D2B6AAB1600694CD0 /* SearchEndpoint.swift */ = {isa = PBXFileReference; lastKnownFileType = sourcecode.swift; path = SearchEndpoint.swift; sourceTree = "<group>"; };
		7BCD82902B89EC6C00FE1877 /* AlertExtension.swift */ = {isa = PBXFileReference; lastKnownFileType = sourcecode.swift; path = AlertExtension.swift; sourceTree = "<group>"; };
		7BD4FB272B698DB600B5EA3E /* LoginController.swift */ = {isa = PBXFileReference; lastKnownFileType = sourcecode.swift; path = LoginController.swift; sourceTree = "<group>"; };
		7BD600802B6ED4EB00B28661 /* downloadLottie.json */ = {isa = PBXFileReference; fileEncoding = 4; lastKnownFileType = text.json; path = downloadLottie.json; sourceTree = "<group>"; };
		7BD600832B6ED58700B28661 /* ReadyForDownloadController.swift */ = {isa = PBXFileReference; lastKnownFileType = sourcecode.swift; path = ReadyForDownloadController.swift; sourceTree = "<group>"; };
		7BDB91C92B5B924B00002EAC /* HomeUseCase.swift */ = {isa = PBXFileReference; lastKnownFileType = sourcecode.swift; path = HomeUseCase.swift; sourceTree = "<group>"; };
		7BFEFFDD2B72A4A300A1CCC7 /* ListPhotoEndpoint.swift */ = {isa = PBXFileReference; lastKnownFileType = sourcecode.swift; path = ListPhotoEndpoint.swift; sourceTree = "<group>"; };
		7BFEFFF32B72C2F200A1CCC7 /* Lensify.entitlements */ = {isa = PBXFileReference; lastKnownFileType = text.plist.entitlements; path = Lensify.entitlements; sourceTree = "<group>"; };
/* End PBXFileReference section */

/* Begin PBXFrameworksBuildPhase section */
		7B90E26F2B52C1FB0099FBA3 /* Frameworks */ = {
			isa = PBXFrameworksBuildPhase;
			buildActionMask = 2147483647;
			files = (
				7B1736722B7646700030DE63 /* FirebaseAppCheck in Frameworks */,
				7B1736552B763E520030DE63 /* GoogleSignInSwift in Frameworks */,
				7B1736702B7646700030DE63 /* FirebaseAnalyticsWithoutAdIdSupport in Frameworks */,
				7B90E2942B52C4A00099FBA3 /* Alamofire in Frameworks */,
				7BABCF752B77E2D3008FCDDE /* SkeletonView in Frameworks */,
				7B86F7732B764E80005755B0 /* FirebaseFirestore in Frameworks */,
				7B17366A2B7646700030DE63 /* FirebaseAnalytics in Frameworks */,
				7B17366C2B7646700030DE63 /* FirebaseAnalyticsOnDeviceConversion in Frameworks */,
				7B17366E2B7646700030DE63 /* FirebaseAnalyticsSwift in Frameworks */,
				7B90E2912B52C4960099FBA3 /* Kingfisher in Frameworks */,
				7B1736752B7646FF0030DE63 /* FacebookAEM in Frameworks */,
				7B90E28E2B52C4840099FBA3 /* KeychainSwift in Frameworks */,
				7B90E29C2B52C4BF0099FBA3 /* Lottie in Frameworks */,
				7B1736772B7646FF0030DE63 /* FacebookBasics in Frameworks */,
				7B86F7712B764E68005755B0 /* FirebaseAuth in Frameworks */,
				7B17367D2B7646FF0030DE63 /* FacebookLogin in Frameworks */,
				7B1736532B763E520030DE63 /* GoogleSignIn in Frameworks */,
				7B1736792B7646FF0030DE63 /* FacebookCore in Frameworks */,
			);
			runOnlyForDeploymentPostprocessing = 0;
		};
/* End PBXFrameworksBuildPhase section */

/* Begin PBXGroup section */
		7B0F42CC2B780DE200785A37 /* Profile */ = {
			isa = PBXGroup;
			children = (
				7B9258362B8537B100D3C212 /* ProfileController.swift */,
				7B9F3C932B88A32D002AA027 /* LanguageController.swift */,
				7B1833042B867E5B00A1B89C /* AboutLensifyController.swift */,
				7B9258382B853BAF00D3C212 /* TermsAndConditionsController.swift */,
			);
			path = Profile;
			sourceTree = "<group>";
		};
		7B42A0472B56EEE1003C5D34 /* Search */ = {
			isa = PBXGroup;
			children = (
				7B7967692B6D1EDA0032BB63 /* Model */,
				7B79676A2B6D1EE60032BB63 /* View */,
				7B79676B2B6D1EEC0032BB63 /* ViewModel */,
				7B42A04A2B56EF41003C5D34 /* Cell */,
			);
			path = Search;
			sourceTree = "<group>";
		};
		7B42A04A2B56EF41003C5D34 /* Cell */ = {
			isa = PBXGroup;
			children = (
				7B42A04B2B56EF53003C5D34 /* SearchCell.swift */,
				7B42A04C2B56EF53003C5D34 /* SearchCell.xib */,
			);
			path = Cell;
			sourceTree = "<group>";
		};
		7B4DE9B02B57E84300F4C3AA /* Core */ = {
			isa = PBXGroup;
			children = (
				7B90E29E2B52C4FD0099FBA3 /* NetworkManager.swift */,
				7B90E2A02B52C5260099FBA3 /* NetworkHelper.swift */,
			);
			path = Core;
			sourceTree = "<group>";
		};
		7B4DE9B12B57E84C00F4C3AA /* MiddleLayer */ = {
			isa = PBXGroup;
			children = (
				7B4DE9B22B57E86A00F4C3AA /* HomeManager.swift */,
				7BC6AF002B6A981E00694CD0 /* SearchManager.swift */,
				7B7967752B6D2C9E0032BB63 /* LoginManager.swift */,
			);
			path = MiddleLayer;
			sourceTree = "<group>";
		};
		7B4DE9B42B57F43A00F4C3AA /* Endpoints */ = {
			isa = PBXGroup;
			children = (
				7B4DE9B52B57F44B00F4C3AA /* HomeEndpoint.swift */,
				7BC6AF1D2B6AAB1600694CD0 /* SearchEndpoint.swift */,
				7BFEFFDD2B72A4A300A1CCC7 /* ListPhotoEndpoint.swift */,
			);
			path = Endpoints;
			sourceTree = "<group>";
		};
		7B53E79F2B53E6A0005D0CED /* Home */ = {
			isa = PBXGroup;
			children = (
				7B79676C2B6D1F430032BB63 /* Model */,
				7B79676D2B6D1F5E0032BB63 /* View */,
				7B79676E2B6D1F630032BB63 /* ViewModel */,
				7B53E7A42B53EFBE005D0CED /* Cell */,
			);
			path = Home;
			sourceTree = "<group>";
		};
		7B53E7A42B53EFBE005D0CED /* Cell */ = {
			isa = PBXGroup;
			children = (
				7B97B9CE2B5451D300D489CB /* HomeCell.swift */,
				7B97B9CF2B5451D300D489CB /* HomeCell.xib */,
			);
			path = Cell;
			sourceTree = "<group>";
		};
		7B5A907C2B70C4D60025E18B /* Register */ = {
			isa = PBXGroup;
			children = (
				7BC6AEF72B6A0FD900694CD0 /* RegisterController.swift */,
			);
			path = Register;
			sourceTree = "<group>";
		};
		7B78ABC22B6E3B620010312B /* Frameworks */ = {
			isa = PBXGroup;
			children = (
			);
			name = Frameworks;
			sourceTree = "<group>";
		};
		7B7967672B6D1E730032BB63 /* Model */ = {
			isa = PBXGroup;
			children = (
				7BC6AEF92B6A183400694CD0 /* User.swift */,
			);
			path = Model;
			sourceTree = "<group>";
		};
		7B7967682B6D1E950032BB63 /* View */ = {
			isa = PBXGroup;
			children = (
				7BD4FB272B698DB600B5EA3E /* LoginController.swift */,
			);
			path = View;
			sourceTree = "<group>";
		};
		7B7967692B6D1EDA0032BB63 /* Model */ = {
			isa = PBXGroup;
			children = (
				7B42A0512B56F1F2003C5D34 /* Search.swift */,
			);
			path = Model;
			sourceTree = "<group>";
		};
		7B79676A2B6D1EE60032BB63 /* View */ = {
			isa = PBXGroup;
			children = (
				7B42A0482B56EEF2003C5D34 /* SearchController.swift */,
			);
			path = View;
			sourceTree = "<group>";
		};
		7B79676B2B6D1EEC0032BB63 /* ViewModel */ = {
			isa = PBXGroup;
			children = (
				7B42A04F2B56EF85003C5D34 /* SearchViewModel.swift */,
			);
			path = ViewModel;
			sourceTree = "<group>";
		};
		7B79676C2B6D1F430032BB63 /* Model */ = {
			isa = PBXGroup;
			children = (
				7B9565412B650C1800044E58 /* Topic.swift */,
				7B90E2A82B52FB110099FBA3 /* GetTopics.swift */,
			);
			path = Model;
			sourceTree = "<group>";
		};
		7B79676D2B6D1F5E0032BB63 /* View */ = {
			isa = PBXGroup;
			children = (
				7B53E7A02B53E6B3005D0CED /* HomeController.swift */,
			);
			path = View;
			sourceTree = "<group>";
		};
		7B79676E2B6D1F630032BB63 /* ViewModel */ = {
			isa = PBXGroup;
			children = (
				7B53E7A22B53E6C6005D0CED /* HomeViewModel.swift */,
			);
			path = ViewModel;
			sourceTree = "<group>";
		};
		7B79676F2B6D1F8E0032BB63 /* View */ = {
			isa = PBXGroup;
			children = (
				7B53E7C92B53F1F5005D0CED /* TabBarController.swift */,
				7B90E2B12B5329550099FBA3 /* LaunchController.swift */,
				7B90E2A22B52EC840099FBA3 /* WelcomeToLensifyController.swift */,
			);
			path = View;
			sourceTree = "<group>";
		};
		7B7967722B6D2C390032BB63 /* ViewModel */ = {
			isa = PBXGroup;
			children = (
				7B7967732B6D2C510032BB63 /* LoginViewModel.swift */,
			);
			path = ViewModel;
			sourceTree = "<group>";
		};
		7B90E2692B52C1FB0099FBA3 = {
			isa = PBXGroup;
			children = (
				7B90E2742B52C1FB0099FBA3 /* Lensify */,
				7B90E2732B52C1FB0099FBA3 /* Products */,
				7B78ABC22B6E3B620010312B /* Frameworks */,
			);
			sourceTree = "<group>";
		};
		7B90E2732B52C1FB0099FBA3 /* Products */ = {
			isa = PBXGroup;
			children = (
				7B90E2722B52C1FB0099FBA3 /* Lensify.app */,
			);
			name = Products;
			sourceTree = "<group>";
		};
		7B90E2742B52C1FB0099FBA3 /* Lensify */ = {
			isa = PBXGroup;
			children = (
				7BFEFFF32B72C2F200A1CCC7 /* Lensify.entitlements */,
				7B90E2752B52C1FB0099FBA3 /* AppDelegate.swift */,
				7B90E2772B52C1FB0099FBA3 /* SceneDelegate.swift */,
				7B90E2A62B52FAD60099FBA3 /* Scene */,
				7B90E29D2B52C4E70099FBA3 /* Network */,
				7B90E2AA2B52FB490099FBA3 /* Helper */,
				7B90E2812B52C1FE0099FBA3 /* Assets.xcassets */,
				7B90E2832B52C1FE0099FBA3 /* LaunchScreen.storyboard */,
				7B90E27B2B52C1FB0099FBA3 /* Main.storyboard */,
				7B9F3C8C2B8898F6002AA027 /* Localizable.strings */,
				7B5A907F2B70E1860025E18B /* client_213676420665-klno39bjlv7ovpc11549egkoeei52usj.apps.googleusercontent.com.plist */,
				7B90E2862B52C1FE0099FBA3 /* Info.plist */,
				7B7967822B6D35A90032BB63 /* GoogleService-Info.plist */,
				7B90E27E2B52C1FB0099FBA3 /* Lensify.xcdatamodeld */,
			);
			path = Lensify;
			sourceTree = "<group>";
		};
		7B90E29D2B52C4E70099FBA3 /* Network */ = {
			isa = PBXGroup;
			children = (
				7BDB91C82B5B923800002EAC /* UseCase */,
				7B4DE9B42B57F43A00F4C3AA /* Endpoints */,
				7B4DE9B12B57E84C00F4C3AA /* MiddleLayer */,
				7B4DE9B02B57E84300F4C3AA /* Core */,
			);
			path = Network;
			sourceTree = "<group>";
		};
		7B90E2A62B52FAD60099FBA3 /* Scene */ = {
			isa = PBXGroup;
			children = (
				7B0F42CC2B780DE200785A37 /* Profile */,
				7B5A907C2B70C4D60025E18B /* Register */,
				7BD600822B6ED55000B28661 /* DownloadWallpaper */,
				7BD4FB262B6972C000B5EA3E /* Login */,
				7B42A0472B56EEE1003C5D34 /* Search */,
				7B53E79F2B53E6A0005D0CED /* Home */,
				7B90E2B92B5336530099FBA3 /* Welcome */,
			);
			path = Scene;
			sourceTree = "<group>";
		};
		7B90E2AA2B52FB490099FBA3 /* Helper */ = {
			isa = PBXGroup;
			children = (
				7B9F3C8E2B889F16002AA027 /* Extensions */,
				7BD600852B6EDC1100B28661 /* LottieFiles */,
				7BC6AEFB2B6A50BE00694CD0 /* Adapter */,
				7B95653A2B65022E00044E58 /* Reusable */,
			);
			path = Helper;
			sourceTree = "<group>";
		};
		7B90E2B92B5336530099FBA3 /* Welcome */ = {
			isa = PBXGroup;
			children = (
				7B79676F2B6D1F8E0032BB63 /* View */,
			);
			path = Welcome;
			sourceTree = "<group>";
		};
		7B95653A2B65022E00044E58 /* Reusable */ = {
			isa = PBXGroup;
			children = (
				7B95653C2B65023D00044E58 /* Cell */,
				7B95653B2B65023800044E58 /* View */,
			);
			path = Reusable;
			sourceTree = "<group>";
		};
		7B95653B2B65023800044E58 /* View */ = {
			isa = PBXGroup;
			children = (
				7B95653D2B65025800044E58 /* TopicHeaderView.swift */,
				7B95653F2B65025E00044E58 /* TopicHeaderView.xib */,
			);
			path = View;
			sourceTree = "<group>";
		};
		7B95653C2B65023D00044E58 /* Cell */ = {
			isa = PBXGroup;
			children = (
				7B9565302B64C64700044E58 /* TopicCell.swift */,
				7B9565312B64C64700044E58 /* TopicCell.xib */,
			);
			path = Cell;
			sourceTree = "<group>";
		};
		7B9F3C8E2B889F16002AA027 /* Extensions */ = {
			isa = PBXGroup;
			children = (
				7B90E2AB2B52FB550099FBA3 /* Extension.swift */,
				7B9F3C912B889F3B002AA027 /* StringExtension.swift */,
				7BCD82902B89EC6C00FE1877 /* AlertExtension.swift */,
				7B425A1E2B8BC8DF00E5AC05 /* ConfigureButtonExtension.swift */,
			);
			path = Extensions;
			sourceTree = "<group>";
		};
		7BC6AEFB2B6A50BE00694CD0 /* Adapter */ = {
			isa = PBXGroup;
			children = (
				7BC6AEFC2B6A50CE00694CD0 /* LoginAdapter.swift */,
				7BC6AEFE2B6A72A700694CD0 /* DatabaseAdapter.swift */,
			);
			path = Adapter;
			sourceTree = "<group>";
		};
		7BD4FB262B6972C000B5EA3E /* Login */ = {
			isa = PBXGroup;
			children = (
				7B7967672B6D1E730032BB63 /* Model */,
				7B7967682B6D1E950032BB63 /* View */,
				7B7967722B6D2C390032BB63 /* ViewModel */,
			);
			path = Login;
			sourceTree = "<group>";
		};
		7BD600822B6ED55000B28661 /* DownloadWallpaper */ = {
			isa = PBXGroup;
			children = (
				7BD600832B6ED58700B28661 /* ReadyForDownloadController.swift */,
			);
			path = DownloadWallpaper;
			sourceTree = "<group>";
		};
		7BD600852B6EDC1100B28661 /* LottieFiles */ = {
			isa = PBXGroup;
			children = (
				7BD600802B6ED4EB00B28661 /* downloadLottie.json */,
				7B90E2B72B5332160099FBA3 /* lottieView.json */,
			);
			path = LottieFiles;
			sourceTree = "<group>";
		};
		7BDB91C82B5B923800002EAC /* UseCase */ = {
			isa = PBXGroup;
			children = (
				7BDB91C92B5B924B00002EAC /* HomeUseCase.swift */,
				7BC6AF022B6A999E00694CD0 /* SearchUseCase.swift */,
			);
			path = UseCase;
			sourceTree = "<group>";
		};
/* End PBXGroup section */

/* Begin PBXNativeTarget section */
		7B90E2712B52C1FB0099FBA3 /* Lensify */ = {
			isa = PBXNativeTarget;
			buildConfigurationList = 7B90E2892B52C1FE0099FBA3 /* Build configuration list for PBXNativeTarget "Lensify" */;
			buildPhases = (
				7B90E26E2B52C1FB0099FBA3 /* Sources */,
				7B90E26F2B52C1FB0099FBA3 /* Frameworks */,
				7B90E2702B52C1FB0099FBA3 /* Resources */,
			);
			buildRules = (
			);
			dependencies = (
			);
			name = Lensify;
			packageProductDependencies = (
				7B90E28D2B52C4840099FBA3 /* KeychainSwift */,
				7B90E2902B52C4960099FBA3 /* Kingfisher */,
				7B90E2932B52C4A00099FBA3 /* Alamofire */,
				7B90E29B2B52C4BF0099FBA3 /* Lottie */,
				7B1736522B763E520030DE63 /* GoogleSignIn */,
				7B1736542B763E520030DE63 /* GoogleSignInSwift */,
				7B1736692B7646700030DE63 /* FirebaseAnalytics */,
				7B17366B2B7646700030DE63 /* FirebaseAnalyticsOnDeviceConversion */,
				7B17366D2B7646700030DE63 /* FirebaseAnalyticsSwift */,
				7B17366F2B7646700030DE63 /* FirebaseAnalyticsWithoutAdIdSupport */,
				7B1736712B7646700030DE63 /* FirebaseAppCheck */,
				7B1736742B7646FF0030DE63 /* FacebookAEM */,
				7B1736762B7646FF0030DE63 /* FacebookBasics */,
				7B1736782B7646FF0030DE63 /* FacebookCore */,
				7B17367C2B7646FF0030DE63 /* FacebookLogin */,
				7B86F7702B764E68005755B0 /* FirebaseAuth */,
				7B86F7722B764E80005755B0 /* FirebaseFirestore */,
				7BABCF742B77E2D3008FCDDE /* SkeletonView */,
			);
			productName = Lensify;
			productReference = 7B90E2722B52C1FB0099FBA3 /* Lensify.app */;
			productType = "com.apple.product-type.application";
		};
/* End PBXNativeTarget section */

/* Begin PBXProject section */
		7B90E26A2B52C1FB0099FBA3 /* Project object */ = {
			isa = PBXProject;
			attributes = {
				BuildIndependentTargetsInParallel = 1;
				LastSwiftUpdateCheck = 1510;
				LastUpgradeCheck = 1510;
				TargetAttributes = {
					7B90E2712B52C1FB0099FBA3 = {
						CreatedOnToolsVersion = 15.1;
					};
				};
			};
			buildConfigurationList = 7B90E26D2B52C1FB0099FBA3 /* Build configuration list for PBXProject "Lensify" */;
			compatibilityVersion = "Xcode 14.0";
			developmentRegion = en;
			hasScannedForEncodings = 0;
			knownRegions = (
				en,
				Base,
				az,
				es,
			);
			mainGroup = 7B90E2692B52C1FB0099FBA3;
			packageReferences = (
				7B90E28C2B52C4840099FBA3 /* XCRemoteSwiftPackageReference "keychain-swift" */,
				7B90E28F2B52C4960099FBA3 /* XCRemoteSwiftPackageReference "Kingfisher" */,
				7B90E2922B52C4A00099FBA3 /* XCRemoteSwiftPackageReference "Alamofire" */,
				7B90E29A2B52C4BF0099FBA3 /* XCRemoteSwiftPackageReference "lottie-ios" */,
				7B1736512B763E520030DE63 /* XCRemoteSwiftPackageReference "GoogleSignIn-iOS" */,
				7B1736682B7646700030DE63 /* XCRemoteSwiftPackageReference "firebase-ios-sdk" */,
				7B1736732B7646FF0030DE63 /* XCRemoteSwiftPackageReference "facebook-ios-sdk" */,
				7BABCF732B77E2D3008FCDDE /* XCRemoteSwiftPackageReference "SkeletonView" */,
			);
			productRefGroup = 7B90E2732B52C1FB0099FBA3 /* Products */;
			projectDirPath = "";
			projectRoot = "";
			targets = (
				7B90E2712B52C1FB0099FBA3 /* Lensify */,
			);
		};
/* End PBXProject section */

/* Begin PBXResourcesBuildPhase section */
		7B90E2702B52C1FB0099FBA3 /* Resources */ = {
			isa = PBXResourcesBuildPhase;
			buildActionMask = 2147483647;
			files = (
				7B97B9D12B5451D300D489CB /* HomeCell.xib in Resources */,
				7B9F3C8A2B8898F6002AA027 /* Localizable.strings in Resources */,
				7B7967832B6D35A90032BB63 /* GoogleService-Info.plist in Resources */,
				7B90E2852B52C1FE0099FBA3 /* LaunchScreen.storyboard in Resources */,
				7B5A90802B70E1860025E18B /* client_213676420665-klno39bjlv7ovpc11549egkoeei52usj.apps.googleusercontent.com.plist in Resources */,
				7B90E2822B52C1FE0099FBA3 /* Assets.xcassets in Resources */,
				7B9565332B64C64700044E58 /* TopicCell.xib in Resources */,
				7B42A04E2B56EF53003C5D34 /* SearchCell.xib in Resources */,
				7B90E27D2B52C1FB0099FBA3 /* Main.storyboard in Resources */,
				7BD600812B6ED4EB00B28661 /* downloadLottie.json in Resources */,
				7B90E2B82B5332160099FBA3 /* lottieView.json in Resources */,
				7B9565402B65025E00044E58 /* TopicHeaderView.xib in Resources */,
			);
			runOnlyForDeploymentPostprocessing = 0;
		};
/* End PBXResourcesBuildPhase section */

/* Begin PBXSourcesBuildPhase section */
		7B90E26E2B52C1FB0099FBA3 /* Sources */ = {
			isa = PBXSourcesBuildPhase;
			buildActionMask = 2147483647;
			files = (
				7BD600842B6ED58700B28661 /* ReadyForDownloadController.swift in Sources */,
				7B90E2AC2B52FB550099FBA3 /* Extension.swift in Sources */,
				7B9565322B64C64700044E58 /* TopicCell.swift in Sources */,
				7B7967762B6D2C9E0032BB63 /* LoginManager.swift in Sources */,
				7B90E29F2B52C4FD0099FBA3 /* NetworkManager.swift in Sources */,
				7B97B9D02B5451D300D489CB /* HomeCell.swift in Sources */,
				7BCD82912B89EC6C00FE1877 /* AlertExtension.swift in Sources */,
				7B53E7A12B53E6B3005D0CED /* HomeController.swift in Sources */,
				7B90E2A32B52EC840099FBA3 /* WelcomeToLensifyController.swift in Sources */,
				7BDB91CA2B5B924B00002EAC /* HomeUseCase.swift in Sources */,
				7BC6AEFA2B6A183400694CD0 /* User.swift in Sources */,
				7B9565422B650C1800044E58 /* Topic.swift in Sources */,
				7B9258392B853BAF00D3C212 /* TermsAndConditionsController.swift in Sources */,
				7BC6AEFF2B6A72A700694CD0 /* DatabaseAdapter.swift in Sources */,
				7B90E2762B52C1FB0099FBA3 /* AppDelegate.swift in Sources */,
				7BC6AF032B6A999E00694CD0 /* SearchUseCase.swift in Sources */,
				7B1833052B867E5B00A1B89C /* AboutLensifyController.swift in Sources */,
				7B90E2B22B5329550099FBA3 /* LaunchController.swift in Sources */,
				7B53E7A32B53E6C6005D0CED /* HomeViewModel.swift in Sources */,
				7B4DE9B62B57F44B00F4C3AA /* HomeEndpoint.swift in Sources */,
				7BC6AF1E2B6AAB1600694CD0 /* SearchEndpoint.swift in Sources */,
				7B95653E2B65025800044E58 /* TopicHeaderView.swift in Sources */,
				7B90E2A12B52C5260099FBA3 /* NetworkHelper.swift in Sources */,
				7B9258372B8537B100D3C212 /* ProfileController.swift in Sources */,
				7BD4FB282B698DB600B5EA3E /* LoginController.swift in Sources */,
				7BFEFFDE2B72A4A300A1CCC7 /* ListPhotoEndpoint.swift in Sources */,
				7B90E2802B52C1FB0099FBA3 /* Lensify.xcdatamodeld in Sources */,
				7B7967742B6D2C510032BB63 /* LoginViewModel.swift in Sources */,
				7B4DE9B32B57E86A00F4C3AA /* HomeManager.swift in Sources */,
				7B42A0502B56EF85003C5D34 /* SearchViewModel.swift in Sources */,
				7B425A1F2B8BC8DF00E5AC05 /* ConfigureButtonExtension.swift in Sources */,
				7B90E2A92B52FB110099FBA3 /* GetTopics.swift in Sources */,
				7B42A0492B56EEF2003C5D34 /* SearchController.swift in Sources */,
				7B53E7CA2B53F1F5005D0CED /* TabBarController.swift in Sources */,
				7BC6AEF82B6A0FD900694CD0 /* RegisterController.swift in Sources */,
				7B9F3C942B88A32D002AA027 /* LanguageController.swift in Sources */,
				7B42A0522B56F1F2003C5D34 /* Search.swift in Sources */,
				7B90E2782B52C1FB0099FBA3 /* SceneDelegate.swift in Sources */,
				7B9F3C922B889F3B002AA027 /* StringExtension.swift in Sources */,
				7B42A04D2B56EF53003C5D34 /* SearchCell.swift in Sources */,
				7BC6AEFD2B6A50CE00694CD0 /* LoginAdapter.swift in Sources */,
				7BC6AF012B6A981E00694CD0 /* SearchManager.swift in Sources */,
			);
			runOnlyForDeploymentPostprocessing = 0;
		};
/* End PBXSourcesBuildPhase section */

/* Begin PBXVariantGroup section */
		7B90E27B2B52C1FB0099FBA3 /* Main.storyboard */ = {
			isa = PBXVariantGroup;
			children = (
				7B90E27C2B52C1FB0099FBA3 /* Base */,
				7B9F3C872B889846002AA027 /* az */,
				7BC24F252B88ACC100E8B654 /* es */,
			);
			name = Main.storyboard;
			sourceTree = "<group>";
		};
		7B90E2832B52C1FE0099FBA3 /* LaunchScreen.storyboard */ = {
			isa = PBXVariantGroup;
			children = (
				7B90E2842B52C1FE0099FBA3 /* Base */,
				7B9F3C862B889846002AA027 /* az */,
				7BC24F242B88ACC100E8B654 /* es */,
			);
			name = LaunchScreen.storyboard;
			sourceTree = "<group>";
		};
		7B9F3C8C2B8898F6002AA027 /* Localizable.strings */ = {
			isa = PBXVariantGroup;
			children = (
				7B9F3C8B2B8898F6002AA027 /* en */,
				7B9F3C8D2B8898FA002AA027 /* az */,
				7BC24F262B88ACC100E8B654 /* es */,
			);
			name = Localizable.strings;
			sourceTree = "<group>";
		};
/* End PBXVariantGroup section */

/* Begin XCBuildConfiguration section */
		7B90E2872B52C1FE0099FBA3 /* Debug */ = {
			isa = XCBuildConfiguration;
			buildSettings = {
				ALWAYS_SEARCH_USER_PATHS = NO;
				ASSETCATALOG_COMPILER_GENERATE_SWIFT_ASSET_SYMBOL_EXTENSIONS = YES;
				CLANG_ANALYZER_LOCALIZABILITY_NONLOCALIZED = YES;
				CLANG_ANALYZER_NONNULL = YES;
				CLANG_ANALYZER_NUMBER_OBJECT_CONVERSION = YES_AGGRESSIVE;
				CLANG_CXX_LANGUAGE_STANDARD = "gnu++20";
				CLANG_ENABLE_MODULES = YES;
				CLANG_ENABLE_OBJC_ARC = YES;
				CLANG_ENABLE_OBJC_WEAK = YES;
				CLANG_WARN_BLOCK_CAPTURE_AUTORELEASING = YES;
				CLANG_WARN_BOOL_CONVERSION = YES;
				CLANG_WARN_COMMA = YES;
				CLANG_WARN_CONSTANT_CONVERSION = YES;
				CLANG_WARN_DEPRECATED_OBJC_IMPLEMENTATIONS = YES;
				CLANG_WARN_DIRECT_OBJC_ISA_USAGE = YES_ERROR;
				CLANG_WARN_DOCUMENTATION_COMMENTS = YES;
				CLANG_WARN_EMPTY_BODY = YES;
				CLANG_WARN_ENUM_CONVERSION = YES;
				CLANG_WARN_INFINITE_RECURSION = YES;
				CLANG_WARN_INT_CONVERSION = YES;
				CLANG_WARN_NON_LITERAL_NULL_CONVERSION = YES;
				CLANG_WARN_OBJC_IMPLICIT_RETAIN_SELF = YES;
				CLANG_WARN_OBJC_LITERAL_CONVERSION = YES;
				CLANG_WARN_OBJC_ROOT_CLASS = YES_ERROR;
				CLANG_WARN_QUOTED_INCLUDE_IN_FRAMEWORK_HEADER = YES;
				CLANG_WARN_RANGE_LOOP_ANALYSIS = YES;
				CLANG_WARN_STRICT_PROTOTYPES = YES;
				CLANG_WARN_SUSPICIOUS_MOVE = YES;
				CLANG_WARN_UNGUARDED_AVAILABILITY = YES_AGGRESSIVE;
				CLANG_WARN_UNREACHABLE_CODE = YES;
				CLANG_WARN__DUPLICATE_METHOD_MATCH = YES;
				COPY_PHASE_STRIP = NO;
				DEBUG_INFORMATION_FORMAT = dwarf;
				ENABLE_STRICT_OBJC_MSGSEND = YES;
				ENABLE_TESTABILITY = YES;
				ENABLE_USER_SCRIPT_SANDBOXING = YES;
				GCC_C_LANGUAGE_STANDARD = gnu17;
				GCC_DYNAMIC_NO_PIC = NO;
				GCC_NO_COMMON_BLOCKS = YES;
				GCC_OPTIMIZATION_LEVEL = 0;
				GCC_PREPROCESSOR_DEFINITIONS = (
					"DEBUG=1",
					"$(inherited)",
				);
				GCC_WARN_64_TO_32_BIT_CONVERSION = YES;
				GCC_WARN_ABOUT_RETURN_TYPE = YES_ERROR;
				GCC_WARN_UNDECLARED_SELECTOR = YES;
				GCC_WARN_UNINITIALIZED_AUTOS = YES_AGGRESSIVE;
				GCC_WARN_UNUSED_FUNCTION = YES;
				GCC_WARN_UNUSED_VARIABLE = YES;
				IPHONEOS_DEPLOYMENT_TARGET = 15.4;
				LOCALIZATION_PREFERS_STRING_CATALOGS = YES;
				MTL_ENABLE_DEBUG_INFO = INCLUDE_SOURCE;
				MTL_FAST_MATH = YES;
				ONLY_ACTIVE_ARCH = YES;
				SDKROOT = iphoneos;
				SWIFT_ACTIVE_COMPILATION_CONDITIONS = "DEBUG $(inherited)";
				SWIFT_OPTIMIZATION_LEVEL = "-Onone";
			};
			name = Debug;
		};
		7B90E2882B52C1FE0099FBA3 /* Release */ = {
			isa = XCBuildConfiguration;
			buildSettings = {
				ALWAYS_SEARCH_USER_PATHS = NO;
				ASSETCATALOG_COMPILER_GENERATE_SWIFT_ASSET_SYMBOL_EXTENSIONS = YES;
				CLANG_ANALYZER_LOCALIZABILITY_NONLOCALIZED = YES;
				CLANG_ANALYZER_NONNULL = YES;
				CLANG_ANALYZER_NUMBER_OBJECT_CONVERSION = YES_AGGRESSIVE;
				CLANG_CXX_LANGUAGE_STANDARD = "gnu++20";
				CLANG_ENABLE_MODULES = YES;
				CLANG_ENABLE_OBJC_ARC = YES;
				CLANG_ENABLE_OBJC_WEAK = YES;
				CLANG_WARN_BLOCK_CAPTURE_AUTORELEASING = YES;
				CLANG_WARN_BOOL_CONVERSION = YES;
				CLANG_WARN_COMMA = YES;
				CLANG_WARN_CONSTANT_CONVERSION = YES;
				CLANG_WARN_DEPRECATED_OBJC_IMPLEMENTATIONS = YES;
				CLANG_WARN_DIRECT_OBJC_ISA_USAGE = YES_ERROR;
				CLANG_WARN_DOCUMENTATION_COMMENTS = YES;
				CLANG_WARN_EMPTY_BODY = YES;
				CLANG_WARN_ENUM_CONVERSION = YES;
				CLANG_WARN_INFINITE_RECURSION = YES;
				CLANG_WARN_INT_CONVERSION = YES;
				CLANG_WARN_NON_LITERAL_NULL_CONVERSION = YES;
				CLANG_WARN_OBJC_IMPLICIT_RETAIN_SELF = YES;
				CLANG_WARN_OBJC_LITERAL_CONVERSION = YES;
				CLANG_WARN_OBJC_ROOT_CLASS = YES_ERROR;
				CLANG_WARN_QUOTED_INCLUDE_IN_FRAMEWORK_HEADER = YES;
				CLANG_WARN_RANGE_LOOP_ANALYSIS = YES;
				CLANG_WARN_STRICT_PROTOTYPES = YES;
				CLANG_WARN_SUSPICIOUS_MOVE = YES;
				CLANG_WARN_UNGUARDED_AVAILABILITY = YES_AGGRESSIVE;
				CLANG_WARN_UNREACHABLE_CODE = YES;
				CLANG_WARN__DUPLICATE_METHOD_MATCH = YES;
				COPY_PHASE_STRIP = NO;
				DEBUG_INFORMATION_FORMAT = "dwarf-with-dsym";
				ENABLE_NS_ASSERTIONS = NO;
				ENABLE_STRICT_OBJC_MSGSEND = YES;
				ENABLE_USER_SCRIPT_SANDBOXING = YES;
				GCC_C_LANGUAGE_STANDARD = gnu17;
				GCC_NO_COMMON_BLOCKS = YES;
				GCC_WARN_64_TO_32_BIT_CONVERSION = YES;
				GCC_WARN_ABOUT_RETURN_TYPE = YES_ERROR;
				GCC_WARN_UNDECLARED_SELECTOR = YES;
				GCC_WARN_UNINITIALIZED_AUTOS = YES_AGGRESSIVE;
				GCC_WARN_UNUSED_FUNCTION = YES;
				GCC_WARN_UNUSED_VARIABLE = YES;
				IPHONEOS_DEPLOYMENT_TARGET = 15.4;
				LOCALIZATION_PREFERS_STRING_CATALOGS = YES;
				MTL_ENABLE_DEBUG_INFO = NO;
				MTL_FAST_MATH = YES;
				SDKROOT = iphoneos;
				SWIFT_COMPILATION_MODE = wholemodule;
				VALIDATE_PRODUCT = YES;
			};
			name = Release;
		};
		7B90E28A2B52C1FE0099FBA3 /* Debug */ = {
			isa = XCBuildConfiguration;
			buildSettings = {
				ASSETCATALOG_COMPILER_APPICON_NAME = AppIcon;
				ASSETCATALOG_COMPILER_GLOBAL_ACCENT_COLOR_NAME = AccentColor;
				CODE_SIGN_ENTITLEMENTS = Lensify/Lensify.entitlements;
				CODE_SIGN_STYLE = Automatic;
				CURRENT_PROJECT_VERSION = 1;
				DEVELOPMENT_TEAM = 39VUM992D2;
				GENERATE_INFOPLIST_FILE = YES;
				INFOPLIST_FILE = Lensify/Info.plist;
				INFOPLIST_KEY_UIApplicationSupportsIndirectInputEvents = YES;
				INFOPLIST_KEY_UILaunchStoryboardName = LaunchScreen;
				INFOPLIST_KEY_UIMainStoryboardFile = Main;
				INFOPLIST_KEY_UISupportedInterfaceOrientations_iPad = "UIInterfaceOrientationPortrait UIInterfaceOrientationPortraitUpsideDown UIInterfaceOrientationLandscapeLeft UIInterfaceOrientationLandscapeRight";
				INFOPLIST_KEY_UISupportedInterfaceOrientations_iPhone = "UIInterfaceOrientationPortrait UIInterfaceOrientationLandscapeLeft UIInterfaceOrientationLandscapeRight";
				IPHONEOS_DEPLOYMENT_TARGET = 17.2;
				LD_RUNPATH_SEARCH_PATHS = (
					"$(inherited)",
					"@executable_path/Frameworks",
				);
				MARKETING_VERSION = 1.0;
				PRODUCT_BUNDLE_IDENTIFIER = com.Nazrin.Lensify;
				PRODUCT_NAME = "$(TARGET_NAME)";
				SWIFT_EMIT_LOC_STRINGS = YES;
				SWIFT_VERSION = 5.0;
				TARGETED_DEVICE_FAMILY = "1,2";
			};
			name = Debug;
		};
		7B90E28B2B52C1FE0099FBA3 /* Release */ = {
			isa = XCBuildConfiguration;
			buildSettings = {
				ASSETCATALOG_COMPILER_APPICON_NAME = AppIcon;
				ASSETCATALOG_COMPILER_GLOBAL_ACCENT_COLOR_NAME = AccentColor;
				CODE_SIGN_ENTITLEMENTS = Lensify/Lensify.entitlements;
				CODE_SIGN_STYLE = Automatic;
				CURRENT_PROJECT_VERSION = 1;
				DEVELOPMENT_TEAM = 39VUM992D2;
				GENERATE_INFOPLIST_FILE = YES;
				INFOPLIST_FILE = Lensify/Info.plist;
				INFOPLIST_KEY_UIApplicationSupportsIndirectInputEvents = YES;
				INFOPLIST_KEY_UILaunchStoryboardName = LaunchScreen;
				INFOPLIST_KEY_UIMainStoryboardFile = Main;
				INFOPLIST_KEY_UISupportedInterfaceOrientations_iPad = "UIInterfaceOrientationPortrait UIInterfaceOrientationPortraitUpsideDown UIInterfaceOrientationLandscapeLeft UIInterfaceOrientationLandscapeRight";
				INFOPLIST_KEY_UISupportedInterfaceOrientations_iPhone = "UIInterfaceOrientationPortrait UIInterfaceOrientationLandscapeLeft UIInterfaceOrientationLandscapeRight";
				IPHONEOS_DEPLOYMENT_TARGET = 17.2;
				LD_RUNPATH_SEARCH_PATHS = (
					"$(inherited)",
					"@executable_path/Frameworks",
				);
				MARKETING_VERSION = 1.0;
				PRODUCT_BUNDLE_IDENTIFIER = com.Nazrin.Lensify;
				PRODUCT_NAME = "$(TARGET_NAME)";
				SWIFT_EMIT_LOC_STRINGS = YES;
				SWIFT_VERSION = 5.0;
				TARGETED_DEVICE_FAMILY = "1,2";
			};
			name = Release;
		};
/* End XCBuildConfiguration section */

/* Begin XCConfigurationList section */
		7B90E26D2B52C1FB0099FBA3 /* Build configuration list for PBXProject "Lensify" */ = {
			isa = XCConfigurationList;
			buildConfigurations = (
				7B90E2872B52C1FE0099FBA3 /* Debug */,
				7B90E2882B52C1FE0099FBA3 /* Release */,
			);
			defaultConfigurationIsVisible = 0;
			defaultConfigurationName = Release;
		};
		7B90E2892B52C1FE0099FBA3 /* Build configuration list for PBXNativeTarget "Lensify" */ = {
			isa = XCConfigurationList;
			buildConfigurations = (
				7B90E28A2B52C1FE0099FBA3 /* Debug */,
				7B90E28B2B52C1FE0099FBA3 /* Release */,
			);
			defaultConfigurationIsVisible = 0;
			defaultConfigurationName = Release;
		};
/* End XCConfigurationList section */

/* Begin XCRemoteSwiftPackageReference section */
		7B1736512B763E520030DE63 /* XCRemoteSwiftPackageReference "GoogleSignIn-iOS" */ = {
			isa = XCRemoteSwiftPackageReference;
			repositoryURL = "https://github.com/google/GoogleSignIn-iOS";
			requirement = {
				kind = upToNextMajorVersion;
				minimumVersion = 7.0.0;
			};
		};
		7B1736682B7646700030DE63 /* XCRemoteSwiftPackageReference "firebase-ios-sdk" */ = {
			isa = XCRemoteSwiftPackageReference;
			repositoryURL = "https://github.com/firebase/firebase-ios-sdk";
			requirement = {
				kind = upToNextMajorVersion;
				minimumVersion = 10.21.0;
			};
		};
		7B1736732B7646FF0030DE63 /* XCRemoteSwiftPackageReference "facebook-ios-sdk" */ = {
			isa = XCRemoteSwiftPackageReference;
			repositoryURL = "https://github.com/facebook/facebook-ios-sdk";
			requirement = {
				kind = upToNextMajorVersion;
				minimumVersion = 14.1.0;
			};
		};
		7B90E28C2B52C4840099FBA3 /* XCRemoteSwiftPackageReference "keychain-swift" */ = {
			isa = XCRemoteSwiftPackageReference;
			repositoryURL = "https://github.com/evgenyneu/keychain-swift.git";
			requirement = {
				kind = upToNextMajorVersion;
				minimumVersion = 20.0.0;
			};
		};
		7B90E28F2B52C4960099FBA3 /* XCRemoteSwiftPackageReference "Kingfisher" */ = {
			isa = XCRemoteSwiftPackageReference;
			repositoryURL = "https://github.com/onevcat/Kingfisher.git";
			requirement = {
				kind = upToNextMajorVersion;
				minimumVersion = 7.10.2;
			};
		};
		7B90E2922B52C4A00099FBA3 /* XCRemoteSwiftPackageReference "Alamofire" */ = {
			isa = XCRemoteSwiftPackageReference;
			repositoryURL = "https://github.com/Alamofire/Alamofire.git";
			requirement = {
				kind = upToNextMajorVersion;
				minimumVersion = 5.8.1;
			};
		};
		7B90E29A2B52C4BF0099FBA3 /* XCRemoteSwiftPackageReference "lottie-ios" */ = {
			isa = XCRemoteSwiftPackageReference;
			repositoryURL = "https://github.com/airbnb/lottie-ios.git";
			requirement = {
				kind = upToNextMajorVersion;
				minimumVersion = 4.3.4;
			};
		};
		7BABCF732B77E2D3008FCDDE /* XCRemoteSwiftPackageReference "SkeletonView" */ = {
			isa = XCRemoteSwiftPackageReference;
			repositoryURL = "https://github.com/Juanpe/SkeletonView.git";
			requirement = {
				kind = upToNextMajorVersion;
				minimumVersion = 1.30.4;
			};
		};
/* End XCRemoteSwiftPackageReference section */

/* Begin XCSwiftPackageProductDependency section */
		7B1736522B763E520030DE63 /* GoogleSignIn */ = {
			isa = XCSwiftPackageProductDependency;
			package = 7B1736512B763E520030DE63 /* XCRemoteSwiftPackageReference "GoogleSignIn-iOS" */;
			productName = GoogleSignIn;
		};
		7B1736542B763E520030DE63 /* GoogleSignInSwift */ = {
			isa = XCSwiftPackageProductDependency;
			package = 7B1736512B763E520030DE63 /* XCRemoteSwiftPackageReference "GoogleSignIn-iOS" */;
			productName = GoogleSignInSwift;
		};
		7B1736692B7646700030DE63 /* FirebaseAnalytics */ = {
			isa = XCSwiftPackageProductDependency;
			package = 7B1736682B7646700030DE63 /* XCRemoteSwiftPackageReference "firebase-ios-sdk" */;
			productName = FirebaseAnalytics;
		};
		7B17366B2B7646700030DE63 /* FirebaseAnalyticsOnDeviceConversion */ = {
			isa = XCSwiftPackageProductDependency;
			package = 7B1736682B7646700030DE63 /* XCRemoteSwiftPackageReference "firebase-ios-sdk" */;
			productName = FirebaseAnalyticsOnDeviceConversion;
		};
		7B17366D2B7646700030DE63 /* FirebaseAnalyticsSwift */ = {
			isa = XCSwiftPackageProductDependency;
			package = 7B1736682B7646700030DE63 /* XCRemoteSwiftPackageReference "firebase-ios-sdk" */;
			productName = FirebaseAnalyticsSwift;
		};
		7B17366F2B7646700030DE63 /* FirebaseAnalyticsWithoutAdIdSupport */ = {
			isa = XCSwiftPackageProductDependency;
			package = 7B1736682B7646700030DE63 /* XCRemoteSwiftPackageReference "firebase-ios-sdk" */;
			productName = FirebaseAnalyticsWithoutAdIdSupport;
		};
		7B1736712B7646700030DE63 /* FirebaseAppCheck */ = {
			isa = XCSwiftPackageProductDependency;
			package = 7B1736682B7646700030DE63 /* XCRemoteSwiftPackageReference "firebase-ios-sdk" */;
			productName = FirebaseAppCheck;
		};
		7B1736742B7646FF0030DE63 /* FacebookAEM */ = {
			isa = XCSwiftPackageProductDependency;
			package = 7B1736732B7646FF0030DE63 /* XCRemoteSwiftPackageReference "facebook-ios-sdk" */;
			productName = FacebookAEM;
		};
		7B1736762B7646FF0030DE63 /* FacebookBasics */ = {
			isa = XCSwiftPackageProductDependency;
			package = 7B1736732B7646FF0030DE63 /* XCRemoteSwiftPackageReference "facebook-ios-sdk" */;
			productName = FacebookBasics;
		};
		7B1736782B7646FF0030DE63 /* FacebookCore */ = {
			isa = XCSwiftPackageProductDependency;
			package = 7B1736732B7646FF0030DE63 /* XCRemoteSwiftPackageReference "facebook-ios-sdk" */;
			productName = FacebookCore;
		};
		7B17367C2B7646FF0030DE63 /* FacebookLogin */ = {
			isa = XCSwiftPackageProductDependency;
			package = 7B1736732B7646FF0030DE63 /* XCRemoteSwiftPackageReference "facebook-ios-sdk" */;
			productName = FacebookLogin;
		};
		7B86F7702B764E68005755B0 /* FirebaseAuth */ = {
			isa = XCSwiftPackageProductDependency;
			package = 7B1736682B7646700030DE63 /* XCRemoteSwiftPackageReference "firebase-ios-sdk" */;
			productName = FirebaseAuth;
		};
		7B86F7722B764E80005755B0 /* FirebaseFirestore */ = {
			isa = XCSwiftPackageProductDependency;
			package = 7B1736682B7646700030DE63 /* XCRemoteSwiftPackageReference "firebase-ios-sdk" */;
			productName = FirebaseFirestore;
		};
		7B90E28D2B52C4840099FBA3 /* KeychainSwift */ = {
			isa = XCSwiftPackageProductDependency;
			package = 7B90E28C2B52C4840099FBA3 /* XCRemoteSwiftPackageReference "keychain-swift" */;
			productName = KeychainSwift;
		};
		7B90E2902B52C4960099FBA3 /* Kingfisher */ = {
			isa = XCSwiftPackageProductDependency;
			package = 7B90E28F2B52C4960099FBA3 /* XCRemoteSwiftPackageReference "Kingfisher" */;
			productName = Kingfisher;
		};
		7B90E2932B52C4A00099FBA3 /* Alamofire */ = {
			isa = XCSwiftPackageProductDependency;
			package = 7B90E2922B52C4A00099FBA3 /* XCRemoteSwiftPackageReference "Alamofire" */;
			productName = Alamofire;
		};
		7B90E29B2B52C4BF0099FBA3 /* Lottie */ = {
			isa = XCSwiftPackageProductDependency;
			package = 7B90E29A2B52C4BF0099FBA3 /* XCRemoteSwiftPackageReference "lottie-ios" */;
			productName = Lottie;
		};
		7BABCF742B77E2D3008FCDDE /* SkeletonView */ = {
			isa = XCSwiftPackageProductDependency;
			package = 7BABCF732B77E2D3008FCDDE /* XCRemoteSwiftPackageReference "SkeletonView" */;
			productName = SkeletonView;
		};
/* End XCSwiftPackageProductDependency section */

/* Begin XCVersionGroup section */
		7B90E27E2B52C1FB0099FBA3 /* Lensify.xcdatamodeld */ = {
			isa = XCVersionGroup;
			children = (
				7B90E27F2B52C1FB0099FBA3 /* Lensify.xcdatamodel */,
			);
			currentVersion = 7B90E27F2B52C1FB0099FBA3 /* Lensify.xcdatamodel */;
			path = Lensify.xcdatamodeld;
			sourceTree = "<group>";
			versionGroupType = wrapper.xcdatamodel;
		};
/* End XCVersionGroup section */
	};
	rootObject = 7B90E26A2B52C1FB0099FBA3 /* Project object */;
}
